
Microsoft Visual Studio Solution File, Format Version 12.00
# Visual Studio Version 16
VisualStudioVersion = 16.0.28407.52
MinimumVisualStudioVersion = 10.0.40219.1
Project("{FAE04EC0-301F-11D3-BF4B-00C04F79EFBC}") = "BotExtension", "BotExtension.csproj", "{1C182EE2-E047-4F51-B5BE-85066A49FC75}"
EndProject
Global
	GlobalSection(SolutionConfigurationPlatforms) = preSolution
		Debug|Any CPU = Debug|Any CPU
		Release|Any CPU = Release|Any CPU
	EndGlobalSection
	GlobalSection(ProjectConfigurationPlatforms) = postSolution
		{1C182EE2-E047-4F51-B5BE-85066A49FC75}.Debug|Any CPU.ActiveCfg = Debug|Any CPU
		{1C182EE2-E047-4F51-B5BE-85066A49FC75}.Debug|Any CPU.Build.0 = Debug|Any CPU
		{1C182EE2-E047-4F51-B5BE-85066A49FC75}.Release|Any CPU.ActiveCfg = Release|Any CPU
		{1C182EE2-E047-4F51-B5BE-85066A49FC75}.Release|Any CPU.Build.0 = Release|Any CPU
	EndGlobalSection
	GlobalSection(SolutionProperties) = preSolution
		HideSolutionNode = FALSE
	EndGlobalSection
	GlobalSection(ExtensibilityGlobals) = postSolution
		SolutionGuid = {B25BE855-3E72-471D-BA98-0E860CCEB3BA}
	EndGlobalSection
EndGlobal
